
Microsoft Visual Studio Solution File, Format Version 12.00
# Visual Studio Version 17
VisualStudioVersion = 17.8.34112.27
MinimumVisualStudioVersion = 10.0.40219.1
Project("{9A19103F-16F7-4668-BE54-9A1E7A4F7556}") = "ImageClassification", "ImageClassification\ImageClassification.csproj", "{711F6433-27C1-4105-902E-F2D955371485}"
EndProject
Project("{9A19103F-16F7-4668-BE54-9A1E7A4F7556}") = "ML_Mineral_ID_ConsoleApp1", "ML_Mineral_ID_ConsoleApp1\ML_Mineral_ID_ConsoleApp1.csproj", "{5B097F82-6B4B-4C23-954D-4C5333E3C2ED}"
EndProject
Global
	GlobalSection(SolutionConfigurationPlatforms) = preSolution
		Debug|Any CPU = Debug|Any CPU
		Release|Any CPU = Release|Any CPU
	EndGlobalSection
	GlobalSection(ProjectConfigurationPlatforms) = postSolution
		{711F6433-27C1-4105-902E-F2D955371485}.Debug|Any CPU.ActiveCfg = Debug|Any CPU
		{711F6433-27C1-4105-902E-F2D955371485}.Debug|Any CPU.Build.0 = Debug|Any CPU
		{711F6433-27C1-4105-902E-F2D955371485}.Release|Any CPU.ActiveCfg = Release|Any CPU
		{711F6433-27C1-4105-902E-F2D955371485}.Release|Any CPU.Build.0 = Release|Any CPU
		{5B097F82-6B4B-4C23-954D-4C5333E3C2ED}.Debug|Any CPU.ActiveCfg = Debug|Any CPU
		{5B097F82-6B4B-4C23-954D-4C5333E3C2ED}.Debug|Any CPU.Build.0 = Debug|Any CPU
		{5B097F82-6B4B-4C23-954D-4C5333E3C2ED}.Release|Any CPU.ActiveCfg = Release|Any CPU
		{5B097F82-6B4B-4C23-954D-4C5333E3C2ED}.Release|Any CPU.Build.0 = Release|Any CPU
	EndGlobalSection
	GlobalSection(SolutionProperties) = preSolution
		HideSolutionNode = FALSE
	EndGlobalSection
	GlobalSection(ExtensibilityGlobals) = postSolution
		SolutionGuid = {FA6A844B-00A6-493F-808E-15C99CC58A45}
	EndGlobalSection
EndGlobal
